
Microsoft Visual Studio Solution File, Format Version 11.00
# Visual Studio 2010
Project("{FAE04EC0-301F-11D3-BF4B-00C04F79EFBC}") = "Assembly-CSharp", "Assembly-CSharp.csproj", "{ABCADD48-4256-9332-266F-ECC28364EA69}"
EndProject
Project("{FAE04EC0-301F-11D3-BF4B-00C04F79EFBC}") = "Assembly-CSharp-firstpass", "Assembly-CSharp-firstpass.csproj", "{E2B3C8A0-BD2B-B425-64C9-CE68B4972705}"
EndProject
Global
	GlobalSection(SolutionConfigurationPlatforms) = preSolution
		Debug|Any CPU = Debug|Any CPU
		Release|Any CPU = Release|Any CPU
	EndGlobalSection
	GlobalSection(ProjectConfigurationPlatforms) = postSolution
		{ABCADD48-4256-9332-266F-ECC28364EA69}.Debug|Any CPU.ActiveCfg = Debug|Any CPU
		{ABCADD48-4256-9332-266F-ECC28364EA69}.Debug|Any CPU.Build.0 = Debug|Any CPU
		{ABCADD48-4256-9332-266F-ECC28364EA69}.Release|Any CPU.ActiveCfg = Release|Any CPU
		{ABCADD48-4256-9332-266F-ECC28364EA69}.Release|Any CPU.Build.0 = Release|Any CPU
		{E2B3C8A0-BD2B-B425-64C9-CE68B4972705}.Debug|Any CPU.ActiveCfg = Debug|Any CPU
		{E2B3C8A0-BD2B-B425-64C9-CE68B4972705}.Debug|Any CPU.Build.0 = Debug|Any CPU
		{E2B3C8A0-BD2B-B425-64C9-CE68B4972705}.Release|Any CPU.ActiveCfg = Release|Any CPU
		{E2B3C8A0-BD2B-B425-64C9-CE68B4972705}.Release|Any CPU.Build.0 = Release|Any CPU
	EndGlobalSection
	GlobalSection(SolutionProperties) = preSolution
		HideSolutionNode = FALSE
	EndGlobalSection
	GlobalSection(MonoDevelopProperties) = preSolution
		StartupItem = Assembly-CSharp.csproj
	EndGlobalSection
EndGlobal
